{
  "version": 4,
  "terraform_version": "1.10.5",
  "serial": 61,
  "lineage": "9a4fae84-0300-b5cd-ebab-369e9f275da2",
  "outputs": {},
  "resources": [
    {
      "mode": "data",
      "type": "yandex_vpc_network",
      "name": "network",
      "provider": "provider[\"registry.terraform.io/yandex-cloud/yandex\"]",
      "instances": [
        {
          "schema_version": 0,
          "attributes": {
            "created_at": "2024-10-14T12:25:19Z",
            "default_security_group_id": "enpcc47c5fbiebjhv3po",
            "description": "",
            "folder_id": "b1g29lkk20g39omss3d1",
            "id": "enpnh764peba6rod624a",
            "labels": {},
            "name": "main-network",
            "network_id": "enpnh764peba6rod624a",
            "subnet_ids": [
              "e2lnhjl1ijd54aim6ggs",
              "e9b5er7gl869iisofm8p",
              "e9b7p8d6lbehjc3q9fj8",
              "e9bdpmc9h6kvs2lpo0fg",
              "e9bmqbgbem93umi39mkg",
              "e9bvql8h06m0ibsd97bf"
            ]
          },
          "sensitive_attributes": []
        }
      ]
    },
    {
      "mode": "managed",
      "type": "yandex_compute_disk",
      "name": "disk",
      "provider": "provider[\"registry.terraform.io/yandex-cloud/yandex\"]",
      "instances": [
        {
          "schema_version": 0,
          "attributes": {
            "allow_recreate": null,
            "block_size": 4096,
            "created_at": "2025-01-24T22:40:53Z",
            "description": "",
            "disk_placement_policy": [
              {
                "disk_placement_group_id": ""
              }
            ],
            "folder_id": "b1g29lkk20g39omss3d1",
            "hardware_generation": [
              {
                "generation2_features": [],
                "legacy_features": [
                  {
                    "pci_topology": "PCI_TOPOLOGY_V1"
                  }
                ]
              }
            ],
            "id": "fhmamcdd2016suh8dnq9",
            "image_id": "fd8790f3mldktbkmf1ot",
            "kms_key_id": null,
            "labels": null,
            "name": "disk_for_project",
            "product_ids": [
              "f2e6l1lchuevmj912b4d"
            ],
            "size": 10,
            "snapshot_id": "",
            "status": "ready",
            "timeouts": null,
            "type": "network-hdd",
            "zone": "ru-central1-a"
          },
          "sensitive_attributes": [],
          "private": "eyJlMmJmYjczMC1lY2FhLTExZTYtOGY4OC0zNDM2M2JjN2M0YzAiOnsiY3JlYXRlIjozMDAwMDAwMDAwMDAsImRlbGV0ZSI6MzAwMDAwMDAwMDAwLCJ1cGRhdGUiOjMwMDAwMDAwMDAwMH19"
        }
      ]
    },
    {
      "mode": "managed",
      "type": "yandex_vpc_subnet",
      "name": "subnet",
      "provider": "provider[\"registry.terraform.io/yandex-cloud/yandex\"]",
      "instances": [
        {
          "schema_version": 0,
          "attributes": {
            "created_at": "2025-01-24T22:40:53Z",
            "description": "",
            "dhcp_options": [],
            "folder_id": "b1g29lkk20g39omss3d1",
            "id": "e9bbi1t6ac4p53rbtu10",
            "labels": {},
            "name": "project-subnet",
            "network_id": "enpnh764peba6rod624a",
            "route_table_id": "",
            "timeouts": null,
            "v4_cidr_blocks": [
              "10.6.0.0/24"
            ],
            "v6_cidr_blocks": [],
            "zone": "ru-central1-a"
          },
          "sensitive_attributes": [],
          "private": "eyJlMmJmYjczMC1lY2FhLTExZTYtOGY4OC0zNDM2M2JjN2M0YzAiOnsiY3JlYXRlIjoxODAwMDAwMDAwMDAsImRlbGV0ZSI6MTgwMDAwMDAwMDAwLCJ1cGRhdGUiOjE4MDAwMDAwMDAwMH19",
          "dependencies": [
            "data.yandex_vpc_network.network"
          ]
        }
      ]
    }
  ],
  "check_results": null
}
